// !$*UTF8*$!
{
	archiveVersion = 1;
	classes = {
	};
	objectVersion = 50;
	objects = {

/* Begin PBXBuildFile section */
		F303420A2838B87600B373B3 /* DetailView.swift in Sources */ = {isa = PBXBuildFile; fileRef = F30342092838B87600B373B3 /* DetailView.swift */; };
		F303420C2838BF5600B373B3 /* WebView.swift in Sources */ = {isa = PBXBuildFile; fileRef = F303420B2838BF5600B373B3 /* WebView.swift */; };
		F32A66E82837F82F00748336 /* AppDelegate.swift in Sources */ = {isa = PBXBuildFile; fileRef = F32A66E72837F82F00748336 /* AppDelegate.swift */; };
		F32A66EA2837F82F00748336 /* SceneDelegate.swift in Sources */ = {isa = PBXBuildFile; fileRef = F32A66E92837F82F00748336 /* SceneDelegate.swift */; };
		F32A66EC2837F82F00748336 /* ContentView.swift in Sources */ = {isa = PBXBuildFile; fileRef = F32A66EB2837F82F00748336 /* ContentView.swift */; };
		F32A66EE2837F83000748336 /* Assets.xcassets in Resources */ = {isa = PBXBuildFile; fileRef = F32A66ED2837F83000748336 /* Assets.xcassets */; };
		F32A66F12837F83000748336 /* Preview Assets.xcassets in Resources */ = {isa = PBXBuildFile; fileRef = F32A66F02837F83000748336 /* Preview Assets.xcassets */; };
		F32A66F42837F83000748336 /* LaunchScreen.storyboard in Resources */ = {isa = PBXBuildFile; fileRef = F32A66F22837F83000748336 /* LaunchScreen.storyboard */; };
		F3E5FA86283810090021E0B6 /* NetworkManager.swift in Sources */ = {isa = PBXBuildFile; fileRef = F3E5FA85283810090021E0B6 /* NetworkManager.swift */; };
		F3E5FA88283812860021E0B6 /* PostData.swift in Sources */ = {isa = PBXBuildFile; fileRef = F3E5FA87283812860021E0B6 /* PostData.swift */; };
/* End PBXBuildFile section */

/* Begin PBXFileReference section */
		F30342092838B87600B373B3 /* DetailView.swift */ = {isa = PBXFileReference; lastKnownFileType = sourcecode.swift; path = DetailView.swift; sourceTree = "<group>"; };
		F303420B2838BF5600B373B3 /* WebView.swift */ = {isa = PBXFileReference; lastKnownFileType = sourcecode.swift; path = WebView.swift; sourceTree = "<group>"; };
		F303420D2838C25400B373B3 /* H4XOR News.entitlements */ = {isa = PBXFileReference; lastKnownFileType = text.plist.entitlements; path = "H4XOR News.entitlements"; sourceTree = "<group>"; };
		F32A66E42837F82F00748336 /* H4XOR News.app */ = {isa = PBXFileReference; explicitFileType = wrapper.application; includeInIndex = 0; path = "H4XOR News.app"; sourceTree = BUILT_PRODUCTS_DIR; };
		F32A66E72837F82F00748336 /* AppDelegate.swift */ = {isa = PBXFileReference; lastKnownFileType = sourcecode.swift; path = AppDelegate.swift; sourceTree = "<group>"; };
		F32A66E92837F82F00748336 /* SceneDelegate.swift */ = {isa = PBXFileReference; lastKnownFileType = sourcecode.swift; path = SceneDelegate.swift; sourceTree = "<group>"; };
		F32A66EB2837F82F00748336 /* ContentView.swift */ = {isa = PBXFileReference; lastKnownFileType = sourcecode.swift; path = ContentView.swift; sourceTree = "<group>"; };
		F32A66ED2837F83000748336 /* Assets.xcassets */ = {isa = PBXFileReference; lastKnownFileType = folder.assetcatalog; path = Assets.xcassets; sourceTree = "<group>"; };
		F32A66F02837F83000748336 /* Preview Assets.xcassets */ = {isa = PBXFileReference; lastKnownFileType = folder.assetcatalog; path = "Preview Assets.xcassets"; sourceTree = "<group>"; };
		F32A66F32837F83000748336 /* Base */ = {isa = PBXFileReference; lastKnownFileType = file.storyboard; name = Base; path = Base.lproj/LaunchScreen.storyboard; sourceTree = "<group>"; };
		F32A66F52837F83000748336 /* Info.plist */ = {isa = PBXFileReference; lastKnownFileType = text.plist.xml; path = Info.plist; sourceTree = "<group>"; };
		F3E5FA85283810090021E0B6 /* NetworkManager.swift */ = {isa = PBXFileReference; lastKnownFileType = sourcecode.swift; path = NetworkManager.swift; sourceTree = "<group>"; };
		F3E5FA87283812860021E0B6 /* PostData.swift */ = {isa = PBXFileReference; lastKnownFileType = sourcecode.swift; path = PostData.swift; sourceTree = "<group>"; };
/* End PBXFileReference section */

/* Begin PBXFrameworksBuildPhase section */
		F32A66E12837F82F00748336 /* Frameworks */ = {
			isa = PBXFrameworksBuildPhase;
			buildActionMask = 2147483647;
			files = (
			);
			runOnlyForDeploymentPostprocessing = 0;
		};
/* End PBXFrameworksBuildPhase section */

/* Begin PBXGroup section */
		F30342082838B83D00B373B3 /* V */ = {
			isa = PBXGroup;
			children = (
				F32A66EB2837F82F00748336 /* ContentView.swift */,
				F30342092838B87600B373B3 /* DetailView.swift */,
				F303420B2838BF5600B373B3 /* WebView.swift */,
			);
			path = V;
			sourceTree = "<group>";
		};
		F32A66DB2837F82F00748336 = {
			isa = PBXGroup;
			children = (
				F32A66E62837F82F00748336 /* H4XOR News */,
				F32A66E52837F82F00748336 /* Products */,
			);
			sourceTree = "<group>";
		};
		F32A66E52837F82F00748336 /* Products */ = {
			isa = PBXGroup;
			children = (
				F32A66E42837F82F00748336 /* H4XOR News.app */,
			);
			name = Products;
			sourceTree = "<group>";
		};
		F32A66E62837F82F00748336 /* H4XOR News */ = {
			isa = PBXGroup;
			children = (
				F303420D2838C25400B373B3 /* H4XOR News.entitlements */,
				F32A66E72837F82F00748336 /* AppDelegate.swift */,
				F32A66E92837F82F00748336 /* SceneDelegate.swift */,
				F30342082838B83D00B373B3 /* V */,
				F3E5FA8428380FDB0021E0B6 /* M */,
				F32A66ED2837F83000748336 /* Assets.xcassets */,
				F32A66F22837F83000748336 /* LaunchScreen.storyboard */,
				F32A66F52837F83000748336 /* Info.plist */,
				F32A66EF2837F83000748336 /* Preview Content */,
			);
			path = "H4XOR News";
			sourceTree = "<group>";
		};
		F32A66EF2837F83000748336 /* Preview Content */ = {
			isa = PBXGroup;
			children = (
				F32A66F02837F83000748336 /* Preview Assets.xcassets */,
			);
			path = "Preview Content";
			sourceTree = "<group>";
		};
		F3E5FA8428380FDB0021E0B6 /* M */ = {
			isa = PBXGroup;
			children = (
				F3E5FA85283810090021E0B6 /* NetworkManager.swift */,
				F3E5FA87283812860021E0B6 /* PostData.swift */,
			);
			path = M;
			sourceTree = "<group>";
		};
/* End PBXGroup section */

/* Begin PBXNativeTarget section */
		F32A66E32837F82F00748336 /* H4XOR News */ = {
			isa = PBXNativeTarget;
			buildConfigurationList = F32A66F82837F83000748336 /* Build configuration list for PBXNativeTarget "H4XOR News" */;
			buildPhases = (
				F32A66E02837F82F00748336 /* Sources */,
				F32A66E12837F82F00748336 /* Frameworks */,
				F32A66E22837F82F00748336 /* Resources */,
			);
			buildRules = (
			);
			dependencies = (
			);
			name = "H4XOR News";
			productName = "H4XOR News";
			productReference = F32A66E42837F82F00748336 /* H4XOR News.app */;
			productType = "com.apple.product-type.application";
		};
/* End PBXNativeTarget section */

/* Begin PBXProject section */
		F32A66DC2837F82F00748336 /* Project object */ = {
			isa = PBXProject;
			attributes = {
				LastSwiftUpdateCheck = 1150;
				LastUpgradeCheck = 1150;
				ORGANIZATIONNAME = MohammedAyman;
				TargetAttributes = {
					F32A66E32837F82F00748336 = {
						CreatedOnToolsVersion = 11.5;
					};
				};
			};
			buildConfigurationList = F32A66DF2837F82F00748336 /* Build configuration list for PBXProject "H4XOR News" */;
			compatibilityVersion = "Xcode 9.3";
			developmentRegion = en;
			hasScannedForEncodings = 0;
			knownRegions = (
				en,
				Base,
			);
			mainGroup = F32A66DB2837F82F00748336;
			productRefGroup = F32A66E52837F82F00748336 /* Products */;
			projectDirPath = "";
			projectRoot = "";
			targets = (
				F32A66E32837F82F00748336 /* H4XOR News */,
			);
		};
/* End PBXProject section */

/* Begin PBXResourcesBuildPhase section */
		F32A66E22837F82F00748336 /* Resources */ = {
			isa = PBXResourcesBuildPhase;
			buildActionMask = 2147483647;
			files = (
				F32A66F42837F83000748336 /* LaunchScreen.storyboard in Resources */,
				F32A66F12837F83000748336 /* Preview Assets.xcassets in Resources */,
				F32A66EE2837F83000748336 /* Assets.xcassets in Resources */,
			);
			runOnlyForDeploymentPostprocessing = 0;
		};
/* End PBXResourcesBuildPhase section */

/* Begin PBXSourcesBuildPhase section */
		F32A66E02837F82F00748336 /* Sources */ = {
			isa = PBXSourcesBuildPhase;
			buildActionMask = 2147483647;
			files = (
				F3E5FA88283812860021E0B6 /* PostData.swift in Sources */,
				F303420A2838B87600B373B3 /* DetailView.swift in Sources */,
				F3E5FA86283810090021E0B6 /* NetworkManager.swift in Sources */,
				F32A66E82837F82F00748336 /* AppDelegate.swift in Sources */,
				F32A66EA2837F82F00748336 /* SceneDelegate.swift in Sources */,
				F32A66EC2837F82F00748336 /* ContentView.swift in Sources */,
				F303420C2838BF5600B373B3 /* WebView.swift in Sources */,
			);
			runOnlyForDeploymentPostprocessing = 0;
		};
/* End PBXSourcesBuildPhase section */

/* Begin PBXVariantGroup section */
		F32A66F22837F83000748336 /* LaunchScreen.storyboard */ = {
			isa = PBXVariantGroup;
			children = (
				F32A66F32837F83000748336 /* Base */,
			);
			name = LaunchScreen.storyboard;
			sourceTree = "<group>";
		};
/* End PBXVariantGroup section */

/* Begin XCBuildConfiguration section */
		F32A66F62837F83000748336 /* Debug */ = {
			isa = XCBuildConfiguration;
			buildSettings = {
				ALWAYS_SEARCH_USER_PATHS = NO;
				CLANG_ANALYZER_NONNULL = YES;
				CLANG_ANALYZER_NUMBER_OBJECT_CONVERSION = YES_AGGRESSIVE;
				CLANG_CXX_LANGUAGE_STANDARD = "gnu++14";
				CLANG_CXX_LIBRARY = "libc++";
				CLANG_ENABLE_MODULES = YES;
				CLANG_ENABLE_OBJC_ARC = YES;
				CLANG_ENABLE_OBJC_WEAK = YES;
				CLANG_WARN_BLOCK_CAPTURE_AUTORELEASING = YES;
				CLANG_WARN_BOOL_CONVERSION = YES;
				CLANG_WARN_COMMA = YES;
				CLANG_WARN_CONSTANT_CONVERSION = YES;
				CLANG_WARN_DEPRECATED_OBJC_IMPLEMENTATIONS = YES;
				CLANG_WARN_DIRECT_OBJC_ISA_USAGE = YES_ERROR;
				CLANG_WARN_DOCUMENTATION_COMMENTS = YES;
				CLANG_WARN_EMPTY_BODY = YES;
				CLANG_WARN_ENUM_CONVERSION = YES;
				CLANG_WARN_INFINITE_RECURSION = YES;
				CLANG_WARN_INT_CONVERSION = YES;
				CLANG_WARN_NON_LITERAL_NULL_CONVERSION = YES;
				CLANG_WARN_OBJC_IMPLICIT_RETAIN_SELF = YES;
				CLANG_WARN_OBJC_LITERAL_CONVERSION = YES;
				CLANG_WARN_OBJC_ROOT_CLASS = YES_ERROR;
				CLANG_WARN_RANGE_LOOP_ANALYSIS = YES;
				CLANG_WARN_STRICT_PROTOTYPES = YES;
				CLANG_WARN_SUSPICIOUS_MOVE = YES;
				CLANG_WARN_UNGUARDED_AVAILABILITY = YES_AGGRESSIVE;
				CLANG_WARN_UNREACHABLE_CODE = YES;
				CLANG_WARN__DUPLICATE_METHOD_MATCH = YES;
				COPY_PHASE_STRIP = NO;
				DEBUG_INFORMATION_FORMAT = dwarf;
				ENABLE_STRICT_OBJC_MSGSEND = YES;
				ENABLE_TESTABILITY = YES;
				GCC_C_LANGUAGE_STANDARD = gnu11;
				GCC_DYNAMIC_NO_PIC = NO;
				GCC_NO_COMMON_BLOCKS = YES;
				GCC_OPTIMIZATION_LEVEL = 0;
				GCC_PREPROCESSOR_DEFINITIONS = (
					"DEBUG=1",
					"$(inherited)",
				);
				GCC_WARN_64_TO_32_BIT_CONVERSION = YES;
				GCC_WARN_ABOUT_RETURN_TYPE = YES_ERROR;
				GCC_WARN_UNDECLARED_SELECTOR = YES;
				GCC_WARN_UNINITIALIZED_AUTOS = YES_AGGRESSIVE;
				GCC_WARN_UNUSED_FUNCTION = YES;
				GCC_WARN_UNUSED_VARIABLE = YES;
				IPHONEOS_DEPLOYMENT_TARGET = 13.5;
				MTL_ENABLE_DEBUG_INFO = INCLUDE_SOURCE;
				MTL_FAST_MATH = YES;
				ONLY_ACTIVE_ARCH = YES;
				SDKROOT = iphoneos;
				SWIFT_ACTIVE_COMPILATION_CONDITIONS = DEBUG;
				SWIFT_OPTIMIZATION_LEVEL = "-Onone";
			};
			name = Debug;
		};
		F32A66F72837F83000748336 /* Release */ = {
			isa = XCBuildConfiguration;
			buildSettings = {
				ALWAYS_SEARCH_USER_PATHS = NO;
				CLANG_ANALYZER_NONNULL = YES;
				CLANG_ANALYZER_NUMBER_OBJECT_CONVERSION = YES_AGGRESSIVE;
				CLANG_CXX_LANGUAGE_STANDARD = "gnu++14";
				CLANG_CXX_LIBRARY = "libc++";
				CLANG_ENABLE_MODULES = YES;
				CLANG_ENABLE_OBJC_ARC = YES;
				CLANG_ENABLE_OBJC_WEAK = YES;
				CLANG_WARN_BLOCK_CAPTURE_AUTORELEASING = YES;
				CLANG_WARN_BOOL_CONVERSION = YES;
				CLANG_WARN_COMMA = YES;
				CLANG_WARN_CONSTANT_CONVERSION = YES;
				CLANG_WARN_DEPRECATED_OBJC_IMPLEMENTATIONS = YES;
				CLANG_WARN_DIRECT_OBJC_ISA_USAGE = YES_ERROR;
				CLANG_WARN_DOCUMENTATION_COMMENTS = YES;
				CLANG_WARN_EMPTY_BODY = YES;
				CLANG_WARN_ENUM_CONVERSION = YES;
				CLANG_WARN_INFINITE_RECURSION = YES;
				CLANG_WARN_INT_CONVERSION = YES;
				CLANG_WARN_NON_LITERAL_NULL_CONVERSION = YES;
				CLANG_WARN_OBJC_IMPLICIT_RETAIN_SELF = YES;
				CLANG_WARN_OBJC_LITERAL_CONVERSION = YES;
				CLANG_WARN_OBJC_ROOT_CLASS = YES_ERROR;
				CLANG_WARN_RANGE_LOOP_ANALYSIS = YES;
				CLANG_WARN_STRICT_PROTOTYPES = YES;
				CLANG_WARN_SUSPICIOUS_MOVE = YES;
				CLANG_WARN_UNGUARDED_AVAILABILITY = YES_AGGRESSIVE;
				CLANG_WARN_UNREACHABLE_CODE = YES;
				CLANG_WARN__DUPLICATE_METHOD_MATCH = YES;
				COPY_PHASE_STRIP = NO;
				DEBUG_INFORMATION_FORMAT = "dwarf-with-dsym";
				ENABLE_NS_ASSERTIONS = NO;
				ENABLE_STRICT_OBJC_MSGSEND = YES;
				GCC_C_LANGUAGE_STANDARD = gnu11;
				GCC_NO_COMMON_BLOCKS = YES;
				GCC_WARN_64_TO_32_BIT_CONVERSION = YES;
				GCC_WARN_ABOUT_RETURN_TYPE = YES_ERROR;
				GCC_WARN_UNDECLARED_SELECTOR = YES;
				GCC_WARN_UNINITIALIZED_AUTOS = YES_AGGRESSIVE;
				GCC_WARN_UNUSED_FUNCTION = YES;
				GCC_WARN_UNUSED_VARIABLE = YES;
				IPHONEOS_DEPLOYMENT_TARGET = 13.5;
				MTL_ENABLE_DEBUG_INFO = NO;
				MTL_FAST_MATH = YES;
				SDKROOT = iphoneos;
				SWIFT_COMPILATION_MODE = wholemodule;
				SWIFT_OPTIMIZATION_LEVEL = "-O";
				VALIDATE_PRODUCT = YES;
			};
			name = Release;
		};
		F32A66F92837F83000748336 /* Debug */ = {
			isa = XCBuildConfiguration;
			buildSettings = {
				ASSETCATALOG_COMPILER_APPICON_NAME = AppIcon;
				CODE_SIGN_ENTITLEMENTS = "H4XOR News/H4XOR News.entitlements";
				CODE_SIGN_STYLE = Automatic;
				DEVELOPMENT_ASSET_PATHS = "\"H4XOR News/Preview Content\"";
				DEVELOPMENT_TEAM = 2HX38SLTY3;
				ENABLE_PREVIEWS = YES;
				INFOPLIST_FILE = "H4XOR News/Info.plist";
				LD_RUNPATH_SEARCH_PATHS = (
					"$(inherited)",
					"@executable_path/Frameworks",
				);
				PRODUCT_BUNDLE_IDENTIFIER = "com.MohammedAyman.H4XOR-News";
				PRODUCT_NAME = "$(TARGET_NAME)";
				SUPPORTS_MACCATALYST = YES;
				SWIFT_VERSION = 5.0;
				TARGETED_DEVICE_FAMILY = "1,2";
			};
			name = Debug;
		};
		F32A66FA2837F83000748336 /* Release */ = {
			isa = XCBuildConfiguration;
			buildSettings = {
				ASSETCATALOG_COMPILER_APPICON_NAME = AppIcon;
				CODE_SIGN_ENTITLEMENTS = "H4XOR News/H4XOR News.entitlements";
				CODE_SIGN_STYLE = Automatic;
				DEVELOPMENT_ASSET_PATHS = "\"H4XOR News/Preview Content\"";
				DEVELOPMENT_TEAM = 2HX38SLTY3;
				ENABLE_PREVIEWS = YES;
				INFOPLIST_FILE = "H4XOR News/Info.plist";
				LD_RUNPATH_SEARCH_PATHS = (
					"$(inherited)",
					"@executable_path/Frameworks",
				);
				PRODUCT_BUNDLE_IDENTIFIER = "com.MohammedAyman.H4XOR-News";
				PRODUCT_NAME = "$(TARGET_NAME)";
				SUPPORTS_MACCATALYST = YES;
				SWIFT_VERSION = 5.0;
				TARGETED_DEVICE_FAMILY = "1,2";
			};
			name = Release;
		};
/* End XCBuildConfiguration section */

/* Begin XCConfigurationList section */
		F32A66DF2837F82F00748336 /* Build configuration list for PBXProject "H4XOR News" */ = {
			isa = XCConfigurationList;
			buildConfigurations = (
				F32A66F62837F83000748336 /* Debug */,
				F32A66F72837F83000748336 /* Release */,
			);
			defaultConfigurationIsVisible = 0;
			defaultConfigurationName = Release;
		};
		F32A66F82837F83000748336 /* Build configuration list for PBXNativeTarget "H4XOR News" */ = {
			isa = XCConfigurationList;
			buildConfigurations = (
				F32A66F92837F83000748336 /* Debug */,
				F32A66FA2837F83000748336 /* Release */,
			);
			defaultConfigurationIsVisible = 0;
			defaultConfigurationName = Release;
		};
/* End XCConfigurationList section */
	};
	rootObject = F32A66DC2837F82F00748336 /* Project object */;
}
